{
  "name": "sanity-template-gatsby-blog",
  "requires": true,
  "lockfileVersion": 1,
  "dependencies": {
    "@sanity/cli": {
      "version": "0.140.8",
      "resolved": "https://registry.npmjs.org/@sanity/cli/-/cli-0.140.8.tgz",
      "integrity": "sha512-O+mJwLsesjNwvsK6QNoQEVys/Kaxf5fopwZ60s4cwmIn7vVeehBDD8Ym2sU+TKLbNX/6LBfWjKc59DCyEXiupA==",
      "dev": true
    }
  }
}
